
Microsoft Visual Studio Solution File, Format Version 12.00
# Visual Studio Version 17
VisualStudioVersion = 17.4.33110.190
MinimumVisualStudioVersion = 10.0.40219.1
Project("{FAE04EC0-301F-11D3-BF4B-00C04F79EFBC}") = "lab1Paint", "lab1Paint\lab1Paint.csproj", "{E40067B1-FAD5-44A2-80BB-5FB517D3FDEC}"
EndProject
Global
	GlobalSection(SolutionConfigurationPlatforms) = preSolution
		Debug|Any CPU = Debug|Any CPU
		Release|Any CPU = Release|Any CPU
	EndGlobalSection
	GlobalSection(ProjectConfigurationPlatforms) = postSolution
		{E40067B1-FAD5-44A2-80BB-5FB517D3FDEC}.Debug|Any CPU.ActiveCfg = Debug|Any CPU
		{E40067B1-FAD5-44A2-80BB-5FB517D3FDEC}.Debug|Any CPU.Build.0 = Debug|Any CPU
		{E40067B1-FAD5-44A2-80BB-5FB517D3FDEC}.Release|Any CPU.ActiveCfg = Release|Any CPU
		{E40067B1-FAD5-44A2-80BB-5FB517D3FDEC}.Release|Any CPU.Build.0 = Release|Any CPU
	EndGlobalSection
	GlobalSection(SolutionProperties) = preSolution
		HideSolutionNode = FALSE
	EndGlobalSection
	GlobalSection(ExtensibilityGlobals) = postSolution
		SolutionGuid = {02EAE2A8-1112-4D22-A5C1-0C0C4A4F09AF}
	EndGlobalSection
EndGlobal
